
Microsoft Visual Studio Solution File, Format Version 12.00
# Visual Studio Version 17
VisualStudioVersion = 17.13.35818.85
MinimumVisualStudioVersion = 10.0.40219.1
Project("{FAE04EC0-301F-11D3-BF4B-00C04F79EFBC}") = "projeto_TS", "projeto_TS.csproj", "{E7E5310F-749E-498D-AEF9-422B21F82BE8}"
EndProject
Project("{FAE04EC0-301F-11D3-BF4B-00C04F79EFBC}") = "Servidor", "Servidor\Servidor.csproj", "{8596FE88-1DC9-4548-AB2C-0F5FF5824341}"
EndProject
Project("{2150E333-8FDC-42A3-9474-1A3956D46DE8}") = "Solution Items", "Solution Items", "{8EC462FD-D22E-90A8-E5CE-7E832BA40C5D}"
	ProjectSection(SolutionItems) = preProject
		C:\Users\glamo\Downloads\Form1Vivobook.cs = C:\Users\glamo\Downloads\Form1Vivobook.cs
		C:\Users\glamo\Downloads\ProgramVivobook.cs = C:\Users\glamo\Downloads\ProgramVivobook.cs
	EndProjectSection
EndProject
Global
	GlobalSection(SolutionConfigurationPlatforms) = preSolution
		Debug|Any CPU = Debug|Any CPU
		Release|Any CPU = Release|Any CPU
	EndGlobalSection
	GlobalSection(ProjectConfigurationPlatforms) = postSolution
		{E7E5310F-749E-498D-AEF9-422B21F82BE8}.Debug|Any CPU.ActiveCfg = Debug|Any CPU
		{E7E5310F-749E-498D-AEF9-422B21F82BE8}.Debug|Any CPU.Build.0 = Debug|Any CPU
		{E7E5310F-749E-498D-AEF9-422B21F82BE8}.Release|Any CPU.ActiveCfg = Release|Any CPU
		{E7E5310F-749E-498D-AEF9-422B21F82BE8}.Release|Any CPU.Build.0 = Release|Any CPU
		{8596FE88-1DC9-4548-AB2C-0F5FF5824341}.Debug|Any CPU.ActiveCfg = Debug|Any CPU
		{8596FE88-1DC9-4548-AB2C-0F5FF5824341}.Debug|Any CPU.Build.0 = Debug|Any CPU
		{8596FE88-1DC9-4548-AB2C-0F5FF5824341}.Release|Any CPU.ActiveCfg = Release|Any CPU
		{8596FE88-1DC9-4548-AB2C-0F5FF5824341}.Release|Any CPU.Build.0 = Release|Any CPU
	EndGlobalSection
	GlobalSection(SolutionProperties) = preSolution
		HideSolutionNode = FALSE
	EndGlobalSection
	GlobalSection(ExtensibilityGlobals) = postSolution
		SolutionGuid = {57F31961-D49A-4213-9CBF-3B4147AB20BE}
	EndGlobalSection
EndGlobal
